
Microsoft Visual Studio Solution File, Format Version 10.00
# Visual C++ Express 2008
Project("{8BC9CEB8-8B4A-11D0-8D11-00A0C91BC942}") = "ewf.net", "ewf.net\ewf.net.vcproj", "{21BAC443-67A7-426B-891B-050C8F2C54CE}"
	ProjectSection(ProjectDependencies) = postProject
		{610F33E3-5FBB-4749-9C3F-6D4BC90BEA70} = {610F33E3-5FBB-4749-9C3F-6D4BC90BEA70}
	EndProjectSection
EndProject
Project("{8BC9CEB8-8B4A-11D0-8D11-00A0C91BC942}") = "libfcache", "libfcache\libfcache.vcproj", "{6F22A324-0330-4984-BA8A-7F87E5A2F5AE}"
	ProjectSection(ProjectDependencies) = postProject
		{EBDF4B5C-2DB4-41F8-8A4A-B9A4FFB5CC92} = {EBDF4B5C-2DB4-41F8-8A4A-B9A4FFB5CC92}
		{7F48DE1B-9EE1-4D5F-96C3-58DFD6DB996E} = {7F48DE1B-9EE1-4D5F-96C3-58DFD6DB996E}
		{B444F82C-2C73-469F-A6D4-B097B5EA3ADE} = {B444F82C-2C73-469F-A6D4-B097B5EA3ADE}
	EndProjectSection
EndProject
Project("{8BC9CEB8-8B4A-11D0-8D11-00A0C91BC942}") = "pyewf", "pyewf\pyewf.vcproj", "{6BB1CCE5-4FF5-4306-B3EB-1A3818FC3AC7}"
	ProjectSection(ProjectDependencies) = postProject
		{EBDF4B5C-2DB4-41F8-8A4A-B9A4FFB5CC92} = {EBDF4B5C-2DB4-41F8-8A4A-B9A4FFB5CC92}
		{610F33E3-5FBB-4749-9C3F-6D4BC90BEA70} = {610F33E3-5FBB-4749-9C3F-6D4BC90BEA70}
		{B444F82C-2C73-469F-A6D4-B097B5EA3ADE} = {B444F82C-2C73-469F-A6D4-B097B5EA3ADE}
		{F8917954-3C5E-4791-A769-2EAC495108BA} = {F8917954-3C5E-4791-A769-2EAC495108BA}
		{AEFF5B28-157B-4632-8B82-E67C2171BC96} = {AEFF5B28-157B-4632-8B82-E67C2171BC96}
		{B38F0C9F-F1E0-4CE2-9D8D-C68C56122B72} = {B38F0C9F-F1E0-4CE2-9D8D-C68C56122B72}
		{9013CBEB-5BC5-40F1-A74B-9BF6F117334E} = {9013CBEB-5BC5-40F1-A74B-9BF6F117334E}
		{69B09A29-8901-48A6-9524-23AA2B8A5E6E} = {69B09A29-8901-48A6-9524-23AA2B8A5E6E}
		{07322EB7-EEF0-4E98-9D88-CF200310CD32} = {07322EB7-EEF0-4E98-9D88-CF200310CD32}
	EndProjectSection
EndProject
Project("{8BC9CEB8-8B4A-11D0-8D11-00A0C91BC942}") = "libmfdata", "libmfdata\libmfdata.vcproj", "{78A3701B-F395-4C5C-BDA9-B66A6E637B6F}"
	ProjectSection(ProjectDependencies) = postProject
		{EBDF4B5C-2DB4-41F8-8A4A-B9A4FFB5CC92} = {EBDF4B5C-2DB4-41F8-8A4A-B9A4FFB5CC92}
		{B444F82C-2C73-469F-A6D4-B097B5EA3ADE} = {B444F82C-2C73-469F-A6D4-B097B5EA3ADE}
		{F8917954-3C5E-4791-A769-2EAC495108BA} = {F8917954-3C5E-4791-A769-2EAC495108BA}
		{94445D9A-BF51-4280-B577-69A0279E4873} = {94445D9A-BF51-4280-B577-69A0279E4873}
		{B38F0C9F-F1E0-4CE2-9D8D-C68C56122B72} = {B38F0C9F-F1E0-4CE2-9D8D-C68C56122B72}
		{9013CBEB-5BC5-40F1-A74B-9BF6F117334E} = {9013CBEB-5BC5-40F1-A74B-9BF6F117334E}
		{69B09A29-8901-48A6-9524-23AA2B8A5E6E} = {69B09A29-8901-48A6-9524-23AA2B8A5E6E}
		{07322EB7-EEF0-4E98-9D88-CF200310CD32} = {07322EB7-EEF0-4E98-9D88-CF200310CD32}
		{6F22A324-0330-4984-BA8A-7F87E5A2F5AE} = {6F22A324-0330-4984-BA8A-7F87E5A2F5AE}
	EndProjectSection
EndProject
Project("{8BC9CEB8-8B4A-11D0-8D11-00A0C91BC942}") = "libsmraw", "libsmraw\libsmraw.vcproj", "{B906876C-E5E5-403D-834F-632836BDC036}"
	ProjectSection(ProjectDependencies) = postProject
		{EBDF4B5C-2DB4-41F8-8A4A-B9A4FFB5CC92} = {EBDF4B5C-2DB4-41F8-8A4A-B9A4FFB5CC92}
		{7F48DE1B-9EE1-4D5F-96C3-58DFD6DB996E} = {7F48DE1B-9EE1-4D5F-96C3-58DFD6DB996E}
		{B444F82C-2C73-469F-A6D4-B097B5EA3ADE} = {B444F82C-2C73-469F-A6D4-B097B5EA3ADE}
		{F8917954-3C5E-4791-A769-2EAC495108BA} = {F8917954-3C5E-4791-A769-2EAC495108BA}
		{94445D9A-BF51-4280-B577-69A0279E4873} = {94445D9A-BF51-4280-B577-69A0279E4873}
		{AEFF5B28-157B-4632-8B82-E67C2171BC96} = {AEFF5B28-157B-4632-8B82-E67C2171BC96}
		{B38F0C9F-F1E0-4CE2-9D8D-C68C56122B72} = {B38F0C9F-F1E0-4CE2-9D8D-C68C56122B72}
		{9013CBEB-5BC5-40F1-A74B-9BF6F117334E} = {9013CBEB-5BC5-40F1-A74B-9BF6F117334E}
		{69B09A29-8901-48A6-9524-23AA2B8A5E6E} = {69B09A29-8901-48A6-9524-23AA2B8A5E6E}
		{07322EB7-EEF0-4E98-9D88-CF200310CD32} = {07322EB7-EEF0-4E98-9D88-CF200310CD32}
		{6F22A324-0330-4984-BA8A-7F87E5A2F5AE} = {6F22A324-0330-4984-BA8A-7F87E5A2F5AE}
		{2CA07FF7-1F1C-4165-A7EC-C5155F697166} = {2CA07FF7-1F1C-4165-A7EC-C5155F697166}
		{6D2B2F13-4A4C-4515-AA8C-181C7B0CDDD5} = {6D2B2F13-4A4C-4515-AA8C-181C7B0CDDD5}
	EndProjectSection
EndProject
Project("{8BC9CEB8-8B4A-11D0-8D11-00A0C91BC942}") = "ewf_test_checksum", "ewf_test_checksum\ewf_test_checksum.vcproj", "{F5626B70-BEF5-49E2-93F1-63FDD47DF71B}"
	ProjectSection(ProjectDependencies) = postProject
		{94445D9A-BF51-4280-B577-69A0279E4873} = {94445D9A-BF51-4280-B577-69A0279E4873}
		{610F33E3-5FBB-4749-9C3F-6D4BC90BEA70} = {610F33E3-5FBB-4749-9C3F-6D4BC90BEA70}
		{EBDF4B5C-2DB4-41F8-8A4A-B9A4FFB5CC92} = {EBDF4B5C-2DB4-41F8-8A4A-B9A4FFB5CC92}
	EndProjectSection
EndProject
Project("{8BC9CEB8-8B4A-11D0-8D11-00A0C91BC942}") = "ewf_test_chunk_data", "ewf_test_chunk_data\ewf_test_chunk_data.vcproj", "{549C65DC-F3CB-47F0-886F-E6FBB3350336}"
	ProjectSection(ProjectDependencies) = postProject
		{610F33E3-5FBB-4749-9C3F-6D4BC90BEA70} = {610F33E3-5FBB-4749-9C3F-6D4BC90BEA70}
		{EBDF4B5C-2DB4-41F8-8A4A-B9A4FFB5CC92} = {EBDF4B5C-2DB4-41F8-8A4A-B9A4FFB5CC92}
	EndProjectSection
EndProject
Project("{8BC9CEB8-8B4A-11D0-8D11-00A0C91BC942}") = "ewf_test_chunk_table", "ewf_test_chunk_table\ewf_test_chunk_table.vcproj", "{B52636B5-F250-4D5C-AF88-6DDB86709003}"
	ProjectSection(ProjectDependencies) = postProject
		{610F33E3-5FBB-4749-9C3F-6D4BC90BEA70} = {610F33E3-5FBB-4749-9C3F-6D4BC90BEA70}
		{EBDF4B5C-2DB4-41F8-8A4A-B9A4FFB5CC92} = {EBDF4B5C-2DB4-41F8-8A4A-B9A4FFB5CC92}
	EndProjectSection
EndProject
Project("{8BC9CEB8-8B4A-11D0-8D11-00A0C91BC942}") = "ewf_test_compression", "ewf_test_compression\ewf_test_compression.vcproj", "{1EE75940-BA8E-499A-B16C-197C17C851CD}"
	ProjectSection(ProjectDependencies) = postProject
		{610F33E3-5FBB-4749-9C3F-6D4BC90BEA70} = {610F33E3-5FBB-4749-9C3F-6D4BC90BEA70}
		{EBDF4B5C-2DB4-41F8-8A4A-B9A4FFB5CC92} = {EBDF4B5C-2DB4-41F8-8A4A-B9A4FFB5CC92}
	EndProjectSection
EndProject
Project("{8BC9CEB8-8B4A-11D0-8D11-00A0C91BC942}") = "ewf_test_date_time", "ewf_test_date_time\ewf_test_date_time.vcproj", "{CFAC2A6A-4020-439D-A8F5-99185C43691C}"
	ProjectSection(ProjectDependencies) = postProject
		{610F33E3-5FBB-4749-9C3F-6D4BC90BEA70} = {610F33E3-5FBB-4749-9C3F-6D4BC90BEA70}
		{EBDF4B5C-2DB4-41F8-8A4A-B9A4FFB5CC92} = {EBDF4B5C-2DB4-41F8-8A4A-B9A4FFB5CC92}
	EndProjectSection
EndProject
Project("{8BC9CEB8-8B4A-11D0-8D11-00A0C91BC942}") = "ewf_test_date_time_values", "ewf_test_date_time_values\ewf_test_date_time_values.vcproj", "{04585228-967E-4D0F-A290-D01EFBF6F88F}"
	ProjectSection(ProjectDependencies) = postProject
		{610F33E3-5FBB-4749-9C3F-6D4BC90BEA70} = {610F33E3-5FBB-4749-9C3F-6D4BC90BEA70}
		{EBDF4B5C-2DB4-41F8-8A4A-B9A4FFB5CC92} = {EBDF4B5C-2DB4-41F8-8A4A-B9A4FFB5CC92}
	EndProjectSection
EndProject
Project("{8BC9CEB8-8B4A-11D0-8D11-00A0C91BC942}") = "ewf_test_deflate", "ewf_test_deflate\ewf_test_deflate.vcproj", "{70CC5794-EB91-468A-B608-0940B72E4582}"
	ProjectSection(ProjectDependencies) = postProject
		{94445D9A-BF51-4280-B577-69A0279E4873} = {94445D9A-BF51-4280-B577-69A0279E4873}
		{610F33E3-5FBB-4749-9C3F-6D4BC90BEA70} = {610F33E3-5FBB-4749-9C3F-6D4BC90BEA70}
		{EBDF4B5C-2DB4-41F8-8A4A-B9A4FFB5CC92} = {EBDF4B5C-2DB4-41F8-8A4A-B9A4FFB5CC92}
	EndProjectSection
EndProject
Project("{8BC9CEB8-8B4A-11D0-8D11-00A0C91BC942}") = "ewf_test_empty_block", "ewf_test_empty_block\ewf_test_empty_block.vcproj", "{0AAB2AB4-3720-429C-BC09-474C0667AA6F}"
	ProjectSection(ProjectDependencies) = postProject
		{610F33E3-5FBB-4749-9C3F-6D4BC90BEA70} = {610F33E3-5FBB-4749-9C3F-6D4BC90BEA70}
		{EBDF4B5C-2DB4-41F8-8A4A-B9A4FFB5CC92} = {EBDF4B5C-2DB4-41F8-8A4A-B9A4FFB5CC92}
	EndProjectSection
EndProject
Project("{8BC9CEB8-8B4A-11D0-8D11-00A0C91BC942}") = "ewf_test_error", "ewf_test_error\ewf_test_error.vcproj", "{23895087-0ED8-48B9-8FD9-8841057B435A}"
	ProjectSection(ProjectDependencies) = postProject
		{610F33E3-5FBB-4749-9C3F-6D4BC90BEA70} = {610F33E3-5FBB-4749-9C3F-6D4BC90BEA70}
	EndProjectSection
EndProject
Project("{8BC9CEB8-8B4A-11D0-8D11-00A0C91BC942}") = "ewf_test_file_entry", "ewf_test_file_entry\ewf_test_file_entry.vcproj", "{675A463A-A161-4349-9ABD-EA6048517CF6}"
	ProjectSection(ProjectDependencies) = postProject
		{610F33E3-5FBB-4749-9C3F-6D4BC90BEA70} = {610F33E3-5FBB-4749-9C3F-6D4BC90BEA70}
		{EBDF4B5C-2DB4-41F8-8A4A-B9A4FFB5CC92} = {EBDF4B5C-2DB4-41F8-8A4A-B9A4FFB5CC92}
	EndProjectSection
EndProject
Project("{8BC9CEB8-8B4A-11D0-8D11-00A0C91BC942}") = "ewf_test_filename", "ewf_test_filename\ewf_test_filename.vcproj", "{9CCE6430-B88D-4FCE-8F90-532A4BB89935}"
	ProjectSection(ProjectDependencies) = postProject
		{610F33E3-5FBB-4749-9C3F-6D4BC90BEA70} = {610F33E3-5FBB-4749-9C3F-6D4BC90BEA70}
		{EBDF4B5C-2DB4-41F8-8A4A-B9A4FFB5CC92} = {EBDF4B5C-2DB4-41F8-8A4A-B9A4FFB5CC92}
	EndProjectSection
EndProject
Project("{8BC9CEB8-8B4A-11D0-8D11-00A0C91BC942}") = "ewf_test_glob", "ewf_test_glob\ewf_test_glob.vcproj", "{3F4557A3-9155-418D-BD0F-0DF116A303C7}"
	ProjectSection(ProjectDependencies) = postProject
		{610F33E3-5FBB-4749-9C3F-6D4BC90BEA70} = {610F33E3-5FBB-4749-9C3F-6D4BC90BEA70}
	EndProjectSection
EndProject
Project("{8BC9CEB8-8B4A-11D0-8D11-00A0C91BC942}") = "ewf_test_handle", "ewf_test_handle\ewf_test_handle.vcproj", "{141FB81E-6521-459D-82E0-3F242FAF7D7D}"
	ProjectSection(ProjectDependencies) = postProject
		{07322EB7-EEF0-4E98-9D88-CF200310CD32} = {07322EB7-EEF0-4E98-9D88-CF200310CD32}
		{69B09A29-8901-48A6-9524-23AA2B8A5E6E} = {69B09A29-8901-48A6-9524-23AA2B8A5E6E}
		{9013CBEB-5BC5-40F1-A74B-9BF6F117334E} = {9013CBEB-5BC5-40F1-A74B-9BF6F117334E}
		{B38F0C9F-F1E0-4CE2-9D8D-C68C56122B72} = {B38F0C9F-F1E0-4CE2-9D8D-C68C56122B72}
		{AEFF5B28-157B-4632-8B82-E67C2171BC96} = {AEFF5B28-157B-4632-8B82-E67C2171BC96}
		{94445D9A-BF51-4280-B577-69A0279E4873} = {94445D9A-BF51-4280-B577-69A0279E4873}
		{F8917954-3C5E-4791-A769-2EAC495108BA} = {F8917954-3C5E-4791-A769-2EAC495108BA}
		{B444F82C-2C73-469F-A6D4-B097B5EA3ADE} = {B444F82C-2C73-469F-A6D4-B097B5EA3ADE}
		{610F33E3-5FBB-4749-9C3F-6D4BC90BEA70} = {610F33E3-5FBB-4749-9C3F-6D4BC90BEA70}
		{7F48DE1B-9EE1-4D5F-96C3-58DFD6DB996E} = {7F48DE1B-9EE1-4D5F-96C3-58DFD6DB996E}
		{EBDF4B5C-2DB4-41F8-8A4A-B9A4FFB5CC92} = {EBDF4B5C-2DB4-41F8-8A4A-B9A4FFB5CC92}
	EndProjectSection
EndProject
Project("{8BC9CEB8-8B4A-11D0-8D11-00A0C91BC942}") = "ewf_test_hash_sections", "ewf_test_hash_sections\ewf_test_hash_sections.vcproj", "{2015C4AD-83AC-4F73-B9A1-C62CFA57931F}"
	ProjectSection(ProjectDependencies) = postProject
		{610F33E3-5FBB-4749-9C3F-6D4BC90BEA70} = {610F33E3-5FBB-4749-9C3F-6D4BC90BEA70}
		{EBDF4B5C-2DB4-41F8-8A4A-B9A4FFB5CC92} = {EBDF4B5C-2DB4-41F8-8A4A-B9A4FFB5CC92}
	EndProjectSection
EndProject
Project("{8BC9CEB8-8B4A-11D0-8D11-00A0C91BC942}") = "ewf_test_hash_values", "ewf_test_hash_values\ewf_test_hash_values.vcproj", "{C7B85BB8-987E-4087-B1A3-132D680483FC}"
	ProjectSection(ProjectDependencies) = postProject
		{6D2B2F13-4A4C-4515-AA8C-181C7B0CDDD5} = {6D2B2F13-4A4C-4515-AA8C-181C7B0CDDD5}
		{B38F0C9F-F1E0-4CE2-9D8D-C68C56122B72} = {B38F0C9F-F1E0-4CE2-9D8D-C68C56122B72}
		{94445D9A-BF51-4280-B577-69A0279E4873} = {94445D9A-BF51-4280-B577-69A0279E4873}
		{B444F82C-2C73-469F-A6D4-B097B5EA3ADE} = {B444F82C-2C73-469F-A6D4-B097B5EA3ADE}
		{610F33E3-5FBB-4749-9C3F-6D4BC90BEA70} = {610F33E3-5FBB-4749-9C3F-6D4BC90BEA70}
		{EBDF4B5C-2DB4-41F8-8A4A-B9A4FFB5CC92} = {EBDF4B5C-2DB4-41F8-8A4A-B9A4FFB5CC92}
	EndProjectSection
EndProject
Project("{8BC9CEB8-8B4A-11D0-8D11-00A0C91BC942}") = "ewf_test_io_handle", "ewf_test_io_handle\ewf_test_io_handle.vcproj", "{BD915C3B-AE9C-4779-856F-0EA8349AF047}"
	ProjectSection(ProjectDependencies) = postProject
		{610F33E3-5FBB-4749-9C3F-6D4BC90BEA70} = {610F33E3-5FBB-4749-9C3F-6D4BC90BEA70}
		{EBDF4B5C-2DB4-41F8-8A4A-B9A4FFB5CC92} = {EBDF4B5C-2DB4-41F8-8A4A-B9A4FFB5CC92}
	EndProjectSection
EndProject
Project("{8BC9CEB8-8B4A-11D0-8D11-00A0C91BC942}") = "ewf_test_media_values", "ewf_test_media_values\ewf_test_media_values.vcproj", "{537A09D5-3B9D-4C7D-845C-329A306DD46A}"
	ProjectSection(ProjectDependencies) = postProject
		{610F33E3-5FBB-4749-9C3F-6D4BC90BEA70} = {610F33E3-5FBB-4749-9C3F-6D4BC90BEA70}
		{EBDF4B5C-2DB4-41F8-8A4A-B9A4FFB5CC92} = {EBDF4B5C-2DB4-41F8-8A4A-B9A4FFB5CC92}
	EndProjectSection
EndProject
Project("{8BC9CEB8-8B4A-11D0-8D11-00A0C91BC942}") = "ewf_test_notify", "ewf_test_notify\ewf_test_notify.vcproj", "{38A6821C-4E81-4D0E-BAC8-0C3A4214AC89}"
	ProjectSection(ProjectDependencies) = postProject
		{610F33E3-5FBB-4749-9C3F-6D4BC90BEA70} = {610F33E3-5FBB-4749-9C3F-6D4BC90BEA70}
		{EBDF4B5C-2DB4-41F8-8A4A-B9A4FFB5CC92} = {EBDF4B5C-2DB4-41F8-8A4A-B9A4FFB5CC92}
	EndProjectSection
EndProject
Project("{8BC9CEB8-8B4A-11D0-8D11-00A0C91BC942}") = "ewf_test_read", "ewf_test_read\ewf_test_read.vcproj", "{257A065A-FDA2-49D4-964C-BAF641FA6DD4}"
	ProjectSection(ProjectDependencies) = postProject
		{610F33E3-5FBB-4749-9C3F-6D4BC90BEA70} = {610F33E3-5FBB-4749-9C3F-6D4BC90BEA70}
		{EBDF4B5C-2DB4-41F8-8A4A-B9A4FFB5CC92} = {EBDF4B5C-2DB4-41F8-8A4A-B9A4FFB5CC92}
	EndProjectSection
EndProject
Project("{8BC9CEB8-8B4A-11D0-8D11-00A0C91BC942}") = "ewf_test_read_io_handle", "ewf_test_read_io_handle\ewf_test_read_io_handle.vcproj", "{0ECC7A21-E8D6-4FBA-9BB1-7D615AE29A42}"
	ProjectSection(ProjectDependencies) = postProject
		{610F33E3-5FBB-4749-9C3F-6D4BC90BEA70} = {610F33E3-5FBB-4749-9C3F-6D4BC90BEA70}
		{EBDF4B5C-2DB4-41F8-8A4A-B9A4FFB5CC92} = {EBDF4B5C-2DB4-41F8-8A4A-B9A4FFB5CC92}
	EndProjectSection
EndProject
Project("{8BC9CEB8-8B4A-11D0-8D11-00A0C91BC942}") = "ewf_test_read_write", "ewf_test_read_write\ewf_test_read_write.vcproj", "{298FAA87-9F70-4B2A-ABF1-07D91AB677B6}"
	ProjectSection(ProjectDependencies) = postProject
		{94445D9A-BF51-4280-B577-69A0279E4873} = {94445D9A-BF51-4280-B577-69A0279E4873}
		{610F33E3-5FBB-4749-9C3F-6D4BC90BEA70} = {610F33E3-5FBB-4749-9C3F-6D4BC90BEA70}
		{EBDF4B5C-2DB4-41F8-8A4A-B9A4FFB5CC92} = {EBDF4B5C-2DB4-41F8-8A4A-B9A4FFB5CC92}
	EndProjectSection
EndProject
Project("{8BC9CEB8-8B4A-11D0-8D11-00A0C91BC942}") = "ewf_test_read_write_delta", "ewf_test_read_write_delta\ewf_test_read_write_delta.vcproj", "{82454223-CBF2-44DE-8BE0-307B020107A6}"
	ProjectSection(ProjectDependencies) = postProject
		{94445D9A-BF51-4280-B577-69A0279E4873} = {94445D9A-BF51-4280-B577-69A0279E4873}
		{610F33E3-5FBB-4749-9C3F-6D4BC90BEA70} = {610F33E3-5FBB-4749-9C3F-6D4BC90BEA70}
		{EBDF4B5C-2DB4-41F8-8A4A-B9A4FFB5CC92} = {EBDF4B5C-2DB4-41F8-8A4A-B9A4FFB5CC92}
	EndProjectSection
EndProject
Project("{8BC9CEB8-8B4A-11D0-8D11-00A0C91BC942}") = "ewf_test_sector_range", "ewf_test_sector_range\ewf_test_sector_range.vcproj", "{6FE5F823-F17B-468E-B04C-BEAD1DC38BC3}"
	ProjectSection(ProjectDependencies) = postProject
		{610F33E3-5FBB-4749-9C3F-6D4BC90BEA70} = {610F33E3-5FBB-4749-9C3F-6D4BC90BEA70}
		{EBDF4B5C-2DB4-41F8-8A4A-B9A4FFB5CC92} = {EBDF4B5C-2DB4-41F8-8A4A-B9A4FFB5CC92}
	EndProjectSection
EndProject
Project("{8BC9CEB8-8B4A-11D0-8D11-00A0C91BC942}") = "ewf_test_seek", "ewf_test_seek\ewf_test_seek.vcproj", "{830695C8-09B5-4A38-BC6D-5936FFE941F6}"
	ProjectSection(ProjectDependencies) = postProject
		{610F33E3-5FBB-4749-9C3F-6D4BC90BEA70} = {610F33E3-5FBB-4749-9C3F-6D4BC90BEA70}
		{EBDF4B5C-2DB4-41F8-8A4A-B9A4FFB5CC92} = {EBDF4B5C-2DB4-41F8-8A4A-B9A4FFB5CC92}
	EndProjectSection
EndProject
Project("{8BC9CEB8-8B4A-11D0-8D11-00A0C91BC942}") = "ewf_test_segment_table", "ewf_test_segment_table\ewf_test_segment_table.vcproj", "{C26F5452-A230-4F69-9023-8452745D9280}"
	ProjectSection(ProjectDependencies) = postProject
		{610F33E3-5FBB-4749-9C3F-6D4BC90BEA70} = {610F33E3-5FBB-4749-9C3F-6D4BC90BEA70}
		{EBDF4B5C-2DB4-41F8-8A4A-B9A4FFB5CC92} = {EBDF4B5C-2DB4-41F8-8A4A-B9A4FFB5CC92}
	EndProjectSection
EndProject
Project("{8BC9CEB8-8B4A-11D0-8D11-00A0C91BC942}") = "ewf_test_single_files", "ewf_test_single_files\ewf_test_single_files.vcproj", "{92D9F857-62B6-4040-B916-B7428253DB54}"
	ProjectSection(ProjectDependencies) = postProject
		{6D2B2F13-4A4C-4515-AA8C-181C7B0CDDD5} = {6D2B2F13-4A4C-4515-AA8C-181C7B0CDDD5}
		{B38F0C9F-F1E0-4CE2-9D8D-C68C56122B72} = {B38F0C9F-F1E0-4CE2-9D8D-C68C56122B72}
		{94445D9A-BF51-4280-B577-69A0279E4873} = {94445D9A-BF51-4280-B577-69A0279E4873}
		{B444F82C-2C73-469F-A6D4-B097B5EA3ADE} = {B444F82C-2C73-469F-A6D4-B097B5EA3ADE}
		{610F33E3-5FBB-4749-9C3F-6D4BC90BEA70} = {610F33E3-5FBB-4749-9C3F-6D4BC90BEA70}
		{EBDF4B5C-2DB4-41F8-8A4A-B9A4FFB5CC92} = {EBDF4B5C-2DB4-41F8-8A4A-B9A4FFB5CC92}
	EndProjectSection
EndProject
Project("{8BC9CEB8-8B4A-11D0-8D11-00A0C91BC942}") = "ewf_test_support", "ewf_test_support\ewf_test_support.vcproj", "{6279E3BF-F477-4305-9380-A577243CEC0D}"
	ProjectSection(ProjectDependencies) = postProject
		{07322EB7-EEF0-4E98-9D88-CF200310CD32} = {07322EB7-EEF0-4E98-9D88-CF200310CD32}
		{69B09A29-8901-48A6-9524-23AA2B8A5E6E} = {69B09A29-8901-48A6-9524-23AA2B8A5E6E}
		{9013CBEB-5BC5-40F1-A74B-9BF6F117334E} = {9013CBEB-5BC5-40F1-A74B-9BF6F117334E}
		{B38F0C9F-F1E0-4CE2-9D8D-C68C56122B72} = {B38F0C9F-F1E0-4CE2-9D8D-C68C56122B72}
		{AEFF5B28-157B-4632-8B82-E67C2171BC96} = {AEFF5B28-157B-4632-8B82-E67C2171BC96}
		{94445D9A-BF51-4280-B577-69A0279E4873} = {94445D9A-BF51-4280-B577-69A0279E4873}
		{F8917954-3C5E-4791-A769-2EAC495108BA} = {F8917954-3C5E-4791-A769-2EAC495108BA}
		{B444F82C-2C73-469F-A6D4-B097B5EA3ADE} = {B444F82C-2C73-469F-A6D4-B097B5EA3ADE}
		{610F33E3-5FBB-4749-9C3F-6D4BC90BEA70} = {610F33E3-5FBB-4749-9C3F-6D4BC90BEA70}
		{EBDF4B5C-2DB4-41F8-8A4A-B9A4FFB5CC92} = {EBDF4B5C-2DB4-41F8-8A4A-B9A4FFB5CC92}
	EndProjectSection
EndProject
Project("{8BC9CEB8-8B4A-11D0-8D11-00A0C91BC942}") = "ewf_test_truncate", "ewf_test_truncate\ewf_test_truncate.vcproj", "{7ACE2E3A-17CB-4970-B215-FC723B2E60DE}"
	ProjectSection(ProjectDependencies) = postProject
		{9013CBEB-5BC5-40F1-A74B-9BF6F117334E} = {9013CBEB-5BC5-40F1-A74B-9BF6F117334E}
		{B38F0C9F-F1E0-4CE2-9D8D-C68C56122B72} = {B38F0C9F-F1E0-4CE2-9D8D-C68C56122B72}
		{94445D9A-BF51-4280-B577-69A0279E4873} = {94445D9A-BF51-4280-B577-69A0279E4873}
		{F8917954-3C5E-4791-A769-2EAC495108BA} = {F8917954-3C5E-4791-A769-2EAC495108BA}
		{EBDF4B5C-2DB4-41F8-8A4A-B9A4FFB5CC92} = {EBDF4B5C-2DB4-41F8-8A4A-B9A4FFB5CC92}
	EndProjectSection
EndProject
Project("{8BC9CEB8-8B4A-11D0-8D11-00A0C91BC942}") = "ewf_test_write", "ewf_test_write\ewf_test_write.vcproj", "{261BF89F-4760-4473-828D-5F6EDCB80459}"
	ProjectSection(ProjectDependencies) = postProject
		{94445D9A-BF51-4280-B577-69A0279E4873} = {94445D9A-BF51-4280-B577-69A0279E4873}
		{610F33E3-5FBB-4749-9C3F-6D4BC90BEA70} = {610F33E3-5FBB-4749-9C3F-6D4BC90BEA70}
		{EBDF4B5C-2DB4-41F8-8A4A-B9A4FFB5CC92} = {EBDF4B5C-2DB4-41F8-8A4A-B9A4FFB5CC92}
	EndProjectSection
EndProject
Project("{8BC9CEB8-8B4A-11D0-8D11-00A0C91BC942}") = "ewf_test_write_chunk", "ewf_test_write_chunk\ewf_test_write_chunk.vcproj", "{5F3A8BCC-9792-4B26-87D8-0E1179575D24}"
	ProjectSection(ProjectDependencies) = postProject
		{94445D9A-BF51-4280-B577-69A0279E4873} = {94445D9A-BF51-4280-B577-69A0279E4873}
		{610F33E3-5FBB-4749-9C3F-6D4BC90BEA70} = {610F33E3-5FBB-4749-9C3F-6D4BC90BEA70}
		{EBDF4B5C-2DB4-41F8-8A4A-B9A4FFB5CC92} = {EBDF4B5C-2DB4-41F8-8A4A-B9A4FFB5CC92}
	EndProjectSection
EndProject
Project("{8BC9CEB8-8B4A-11D0-8D11-00A0C91BC942}") = "ewf_test_write_io_handle", "ewf_test_write_io_handle\ewf_test_write_io_handle.vcproj", "{61933AF7-648A-4B34-BAED-FCC4F263023F}"
	ProjectSection(ProjectDependencies) = postProject
		{07322EB7-EEF0-4E98-9D88-CF200310CD32} = {07322EB7-EEF0-4E98-9D88-CF200310CD32}
		{69B09A29-8901-48A6-9524-23AA2B8A5E6E} = {69B09A29-8901-48A6-9524-23AA2B8A5E6E}
		{9013CBEB-5BC5-40F1-A74B-9BF6F117334E} = {9013CBEB-5BC5-40F1-A74B-9BF6F117334E}
		{B38F0C9F-F1E0-4CE2-9D8D-C68C56122B72} = {B38F0C9F-F1E0-4CE2-9D8D-C68C56122B72}
		{AEFF5B28-157B-4632-8B82-E67C2171BC96} = {AEFF5B28-157B-4632-8B82-E67C2171BC96}
		{94445D9A-BF51-4280-B577-69A0279E4873} = {94445D9A-BF51-4280-B577-69A0279E4873}
		{F8917954-3C5E-4791-A769-2EAC495108BA} = {F8917954-3C5E-4791-A769-2EAC495108BA}
		{B444F82C-2C73-469F-A6D4-B097B5EA3ADE} = {B444F82C-2C73-469F-A6D4-B097B5EA3ADE}
		{610F33E3-5FBB-4749-9C3F-6D4BC90BEA70} = {610F33E3-5FBB-4749-9C3F-6D4BC90BEA70}
		{EBDF4B5C-2DB4-41F8-8A4A-B9A4FFB5CC92} = {EBDF4B5C-2DB4-41F8-8A4A-B9A4FFB5CC92}
	EndProjectSection
EndProject
Project("{8BC9CEB8-8B4A-11D0-8D11-00A0C91BC942}") = "libclocale", "libclocale\libclocale.vcproj", "{F8917954-3C5E-4791-A769-2EAC495108BA}"
	ProjectSection(ProjectDependencies) = postProject
		{EBDF4B5C-2DB4-41F8-8A4A-B9A4FFB5CC92} = {EBDF4B5C-2DB4-41F8-8A4A-B9A4FFB5CC92}
	EndProjectSection
EndProject
Project("{8BC9CEB8-8B4A-11D0-8D11-00A0C91BC942}") = "libsmdev", "libsmdev\libsmdev.vcproj", "{054977C3-9164-43AF-A112-DD5C502F597F}"
	ProjectSection(ProjectDependencies) = postProject
		{EBDF4B5C-2DB4-41F8-8A4A-B9A4FFB5CC92} = {EBDF4B5C-2DB4-41F8-8A4A-B9A4FFB5CC92}
		{7F48DE1B-9EE1-4D5F-96C3-58DFD6DB996E} = {7F48DE1B-9EE1-4D5F-96C3-58DFD6DB996E}
		{B444F82C-2C73-469F-A6D4-B097B5EA3ADE} = {B444F82C-2C73-469F-A6D4-B097B5EA3ADE}
		{F8917954-3C5E-4791-A769-2EAC495108BA} = {F8917954-3C5E-4791-A769-2EAC495108BA}
		{94445D9A-BF51-4280-B577-69A0279E4873} = {94445D9A-BF51-4280-B577-69A0279E4873}
		{B38F0C9F-F1E0-4CE2-9D8D-C68C56122B72} = {B38F0C9F-F1E0-4CE2-9D8D-C68C56122B72}
		{9013CBEB-5BC5-40F1-A74B-9BF6F117334E} = {9013CBEB-5BC5-40F1-A74B-9BF6F117334E}
	EndProjectSection
EndProject
Project("{8BC9CEB8-8B4A-11D0-8D11-00A0C91BC942}") = "libbfio", "libbfio\libbfio.vcproj", "{07322EB7-EEF0-4E98-9D88-CF200310CD32}"
	ProjectSection(ProjectDependencies) = postProject
		{EBDF4B5C-2DB4-41F8-8A4A-B9A4FFB5CC92} = {EBDF4B5C-2DB4-41F8-8A4A-B9A4FFB5CC92}
		{7F48DE1B-9EE1-4D5F-96C3-58DFD6DB996E} = {7F48DE1B-9EE1-4D5F-96C3-58DFD6DB996E}
		{F8917954-3C5E-4791-A769-2EAC495108BA} = {F8917954-3C5E-4791-A769-2EAC495108BA}
		{94445D9A-BF51-4280-B577-69A0279E4873} = {94445D9A-BF51-4280-B577-69A0279E4873}
		{B444F82C-2C73-469F-A6D4-B097B5EA3ADE} = {B444F82C-2C73-469F-A6D4-B097B5EA3ADE}
		{AEFF5B28-157B-4632-8B82-E67C2171BC96} = {AEFF5B28-157B-4632-8B82-E67C2171BC96}
		{9013CBEB-5BC5-40F1-A74B-9BF6F117334E} = {9013CBEB-5BC5-40F1-A74B-9BF6F117334E}
		{69B09A29-8901-48A6-9524-23AA2B8A5E6E} = {69B09A29-8901-48A6-9524-23AA2B8A5E6E}
		{B38F0C9F-F1E0-4CE2-9D8D-C68C56122B72} = {B38F0C9F-F1E0-4CE2-9D8D-C68C56122B72}
	EndProjectSection
EndProject
Project("{8BC9CEB8-8B4A-11D0-8D11-00A0C91BC942}") = "libewf", "libewf\libewf.vcproj", "{610F33E3-5FBB-4749-9C3F-6D4BC90BEA70}"
	ProjectSection(ProjectDependencies) = postProject
		{EBDF4B5C-2DB4-41F8-8A4A-B9A4FFB5CC92} = {EBDF4B5C-2DB4-41F8-8A4A-B9A4FFB5CC92}
		{7F48DE1B-9EE1-4D5F-96C3-58DFD6DB996E} = {7F48DE1B-9EE1-4D5F-96C3-58DFD6DB996E}
		{B444F82C-2C73-469F-A6D4-B097B5EA3ADE} = {B444F82C-2C73-469F-A6D4-B097B5EA3ADE}
		{F8917954-3C5E-4791-A769-2EAC495108BA} = {F8917954-3C5E-4791-A769-2EAC495108BA}
		{94445D9A-BF51-4280-B577-69A0279E4873} = {94445D9A-BF51-4280-B577-69A0279E4873}
		{AEFF5B28-157B-4632-8B82-E67C2171BC96} = {AEFF5B28-157B-4632-8B82-E67C2171BC96}
		{B38F0C9F-F1E0-4CE2-9D8D-C68C56122B72} = {B38F0C9F-F1E0-4CE2-9D8D-C68C56122B72}
		{9013CBEB-5BC5-40F1-A74B-9BF6F117334E} = {9013CBEB-5BC5-40F1-A74B-9BF6F117334E}
		{69B09A29-8901-48A6-9524-23AA2B8A5E6E} = {69B09A29-8901-48A6-9524-23AA2B8A5E6E}
		{07322EB7-EEF0-4E98-9D88-CF200310CD32} = {07322EB7-EEF0-4E98-9D88-CF200310CD32}
		{6F22A324-0330-4984-BA8A-7F87E5A2F5AE} = {6F22A324-0330-4984-BA8A-7F87E5A2F5AE}
		{2CA07FF7-1F1C-4165-A7EC-C5155F697166} = {2CA07FF7-1F1C-4165-A7EC-C5155F697166}
		{6D2B2F13-4A4C-4515-AA8C-181C7B0CDDD5} = {6D2B2F13-4A4C-4515-AA8C-181C7B0CDDD5}
		{78A3701B-F395-4C5C-BDA9-B66A6E637B6F} = {78A3701B-F395-4C5C-BDA9-B66A6E637B6F}
		{8E47AE5E-89B0-4984-B6C2-CF5B0C6DD05E} = {8E47AE5E-89B0-4984-B6C2-CF5B0C6DD05E}
	EndProjectSection
EndProject
Project("{8BC9CEB8-8B4A-11D0-8D11-00A0C91BC942}") = "libcdatetime", "libcdatetime\libcdatetime.vcproj", "{7F95BCEE-926E-4B32-8077-1A739876B19D}"
	ProjectSection(ProjectDependencies) = postProject
		{EBDF4B5C-2DB4-41F8-8A4A-B9A4FFB5CC92} = {EBDF4B5C-2DB4-41F8-8A4A-B9A4FFB5CC92}
	EndProjectSection
EndProject
Project("{8BC9CEB8-8B4A-11D0-8D11-00A0C91BC942}") = "libodraw", "libodraw\libodraw.vcproj", "{F2BC50AC-F7F7-4518-AE16-63E3E0A1174D}"
	ProjectSection(ProjectDependencies) = postProject
		{EBDF4B5C-2DB4-41F8-8A4A-B9A4FFB5CC92} = {EBDF4B5C-2DB4-41F8-8A4A-B9A4FFB5CC92}
		{7F48DE1B-9EE1-4D5F-96C3-58DFD6DB996E} = {7F48DE1B-9EE1-4D5F-96C3-58DFD6DB996E}
		{B444F82C-2C73-469F-A6D4-B097B5EA3ADE} = {B444F82C-2C73-469F-A6D4-B097B5EA3ADE}
		{F8917954-3C5E-4791-A769-2EAC495108BA} = {F8917954-3C5E-4791-A769-2EAC495108BA}
		{94445D9A-BF51-4280-B577-69A0279E4873} = {94445D9A-BF51-4280-B577-69A0279E4873}
		{AEFF5B28-157B-4632-8B82-E67C2171BC96} = {AEFF5B28-157B-4632-8B82-E67C2171BC96}
		{B38F0C9F-F1E0-4CE2-9D8D-C68C56122B72} = {B38F0C9F-F1E0-4CE2-9D8D-C68C56122B72}
		{9013CBEB-5BC5-40F1-A74B-9BF6F117334E} = {9013CBEB-5BC5-40F1-A74B-9BF6F117334E}
		{69B09A29-8901-48A6-9524-23AA2B8A5E6E} = {69B09A29-8901-48A6-9524-23AA2B8A5E6E}
		{07322EB7-EEF0-4E98-9D88-CF200310CD32} = {07322EB7-EEF0-4E98-9D88-CF200310CD32}
	EndProjectSection
EndProject
Project("{8BC9CEB8-8B4A-11D0-8D11-00A0C91BC942}") = "libcfile", "libcfile\libcfile.vcproj", "{9013CBEB-5BC5-40F1-A74B-9BF6F117334E}"
	ProjectSection(ProjectDependencies) = postProject
		{EBDF4B5C-2DB4-41F8-8A4A-B9A4FFB5CC92} = {EBDF4B5C-2DB4-41F8-8A4A-B9A4FFB5CC92}
		{F8917954-3C5E-4791-A769-2EAC495108BA} = {F8917954-3C5E-4791-A769-2EAC495108BA}
		{94445D9A-BF51-4280-B577-69A0279E4873} = {94445D9A-BF51-4280-B577-69A0279E4873}
		{B38F0C9F-F1E0-4CE2-9D8D-C68C56122B72} = {B38F0C9F-F1E0-4CE2-9D8D-C68C56122B72}
	EndProjectSection
EndProject
Project("{8BC9CEB8-8B4A-11D0-8D11-00A0C91BC942}") = "libcthreads", "libcthreads\libcthreads.vcproj", "{7F48DE1B-9EE1-4D5F-96C3-58DFD6DB996E}"
	ProjectSection(ProjectDependencies) = postProject
		{EBDF4B5C-2DB4-41F8-8A4A-B9A4FFB5CC92} = {EBDF4B5C-2DB4-41F8-8A4A-B9A4FFB5CC92}
	EndProjectSection
EndProject
Project("{8BC9CEB8-8B4A-11D0-8D11-00A0C91BC942}") = "libcpath", "libcpath\libcpath.vcproj", "{69B09A29-8901-48A6-9524-23AA2B8A5E6E}"
	ProjectSection(ProjectDependencies) = postProject
		{EBDF4B5C-2DB4-41F8-8A4A-B9A4FFB5CC92} = {EBDF4B5C-2DB4-41F8-8A4A-B9A4FFB5CC92}
		{F8917954-3C5E-4791-A769-2EAC495108BA} = {F8917954-3C5E-4791-A769-2EAC495108BA}
		{AEFF5B28-157B-4632-8B82-E67C2171BC96} = {AEFF5B28-157B-4632-8B82-E67C2171BC96}
		{B38F0C9F-F1E0-4CE2-9D8D-C68C56122B72} = {B38F0C9F-F1E0-4CE2-9D8D-C68C56122B72}
	EndProjectSection
EndProject
Project("{8BC9CEB8-8B4A-11D0-8D11-00A0C91BC942}") = "libhmac", "libhmac\libhmac.vcproj", "{53DD6B32-CAF2-4360-B6C1-3BE4A20535BD}"
	ProjectSection(ProjectDependencies) = postProject
		{EBDF4B5C-2DB4-41F8-8A4A-B9A4FFB5CC92} = {EBDF4B5C-2DB4-41F8-8A4A-B9A4FFB5CC92}
	EndProjectSection
EndProject
Project("{8BC9CEB8-8B4A-11D0-8D11-00A0C91BC942}") = "libuna", "libuna\libuna.vcproj", "{B38F0C9F-F1E0-4CE2-9D8D-C68C56122B72}"
	ProjectSection(ProjectDependencies) = postProject
		{EBDF4B5C-2DB4-41F8-8A4A-B9A4FFB5CC92} = {EBDF4B5C-2DB4-41F8-8A4A-B9A4FFB5CC92}
	EndProjectSection
EndProject
Project("{8BC9CEB8-8B4A-11D0-8D11-00A0C91BC942}") = "libfvalue", "libfvalue\libfvalue.vcproj", "{6D2B2F13-4A4C-4515-AA8C-181C7B0CDDD5}"
	ProjectSection(ProjectDependencies) = postProject
		{EBDF4B5C-2DB4-41F8-8A4A-B9A4FFB5CC92} = {EBDF4B5C-2DB4-41F8-8A4A-B9A4FFB5CC92}
		{7F48DE1B-9EE1-4D5F-96C3-58DFD6DB996E} = {7F48DE1B-9EE1-4D5F-96C3-58DFD6DB996E}
		{B444F82C-2C73-469F-A6D4-B097B5EA3ADE} = {B444F82C-2C73-469F-A6D4-B097B5EA3ADE}
		{94445D9A-BF51-4280-B577-69A0279E4873} = {94445D9A-BF51-4280-B577-69A0279E4873}
		{B38F0C9F-F1E0-4CE2-9D8D-C68C56122B72} = {B38F0C9F-F1E0-4CE2-9D8D-C68C56122B72}
	EndProjectSection
EndProject
Project("{8BC9CEB8-8B4A-11D0-8D11-00A0C91BC942}") = "libcerror", "libcerror\libcerror.vcproj", "{EBDF4B5C-2DB4-41F8-8A4A-B9A4FFB5CC92}"
EndProject
Project("{8BC9CEB8-8B4A-11D0-8D11-00A0C91BC942}") = "libcnotify", "libcnotify\libcnotify.vcproj", "{94445D9A-BF51-4280-B577-69A0279E4873}"
	ProjectSection(ProjectDependencies) = postProject
		{EBDF4B5C-2DB4-41F8-8A4A-B9A4FFB5CC92} = {EBDF4B5C-2DB4-41F8-8A4A-B9A4FFB5CC92}
	EndProjectSection
EndProject
Project("{8BC9CEB8-8B4A-11D0-8D11-00A0C91BC942}") = "ewfacquire", "ewfacquire\ewfacquire.vcproj", "{F1034D34-7C7E-467B-9853-2F287A365874}"
	ProjectSection(ProjectDependencies) = postProject
		{F2BC50AC-F7F7-4518-AE16-63E3E0A1174D} = {F2BC50AC-F7F7-4518-AE16-63E3E0A1174D}
		{054977C3-9164-43AF-A112-DD5C502F597F} = {054977C3-9164-43AF-A112-DD5C502F597F}
		{B906876C-E5E5-403D-834F-632836BDC036} = {B906876C-E5E5-403D-834F-632836BDC036}
		{53DD6B32-CAF2-4360-B6C1-3BE4A20535BD} = {53DD6B32-CAF2-4360-B6C1-3BE4A20535BD}
		{6D2B2F13-4A4C-4515-AA8C-181C7B0CDDD5} = {6D2B2F13-4A4C-4515-AA8C-181C7B0CDDD5}
		{2CA07FF7-1F1C-4165-A7EC-C5155F697166} = {2CA07FF7-1F1C-4165-A7EC-C5155F697166}
		{07322EB7-EEF0-4E98-9D88-CF200310CD32} = {07322EB7-EEF0-4E98-9D88-CF200310CD32}
		{69B09A29-8901-48A6-9524-23AA2B8A5E6E} = {69B09A29-8901-48A6-9524-23AA2B8A5E6E}
		{9013CBEB-5BC5-40F1-A74B-9BF6F117334E} = {9013CBEB-5BC5-40F1-A74B-9BF6F117334E}
		{B38F0C9F-F1E0-4CE2-9D8D-C68C56122B72} = {B38F0C9F-F1E0-4CE2-9D8D-C68C56122B72}
		{AEFF5B28-157B-4632-8B82-E67C2171BC96} = {AEFF5B28-157B-4632-8B82-E67C2171BC96}
		{7F95BCEE-926E-4B32-8077-1A739876B19D} = {7F95BCEE-926E-4B32-8077-1A739876B19D}
		{B444F82C-2C73-469F-A6D4-B097B5EA3ADE} = {B444F82C-2C73-469F-A6D4-B097B5EA3ADE}
		{610F33E3-5FBB-4749-9C3F-6D4BC90BEA70} = {610F33E3-5FBB-4749-9C3F-6D4BC90BEA70}
		{94445D9A-BF51-4280-B577-69A0279E4873} = {94445D9A-BF51-4280-B577-69A0279E4873}
		{F8917954-3C5E-4791-A769-2EAC495108BA} = {F8917954-3C5E-4791-A769-2EAC495108BA}
		{EBDF4B5C-2DB4-41F8-8A4A-B9A4FFB5CC92} = {EBDF4B5C-2DB4-41F8-8A4A-B9A4FFB5CC92}
	EndProjectSection
EndProject
Project("{8BC9CEB8-8B4A-11D0-8D11-00A0C91BC942}") = "ewfacquirestream", "ewfacquirestream\ewfacquirestream.vcproj", "{C1C4F39C-2972-4FF7-BD41-8CCAF855E820}"
	ProjectSection(ProjectDependencies) = postProject
		{53DD6B32-CAF2-4360-B6C1-3BE4A20535BD} = {53DD6B32-CAF2-4360-B6C1-3BE4A20535BD}
		{B38F0C9F-F1E0-4CE2-9D8D-C68C56122B72} = {B38F0C9F-F1E0-4CE2-9D8D-C68C56122B72}
		{AEFF5B28-157B-4632-8B82-E67C2171BC96} = {AEFF5B28-157B-4632-8B82-E67C2171BC96}
		{7F95BCEE-926E-4B32-8077-1A739876B19D} = {7F95BCEE-926E-4B32-8077-1A739876B19D}
		{610F33E3-5FBB-4749-9C3F-6D4BC90BEA70} = {610F33E3-5FBB-4749-9C3F-6D4BC90BEA70}
		{94445D9A-BF51-4280-B577-69A0279E4873} = {94445D9A-BF51-4280-B577-69A0279E4873}
		{F8917954-3C5E-4791-A769-2EAC495108BA} = {F8917954-3C5E-4791-A769-2EAC495108BA}
		{EBDF4B5C-2DB4-41F8-8A4A-B9A4FFB5CC92} = {EBDF4B5C-2DB4-41F8-8A4A-B9A4FFB5CC92}
	EndProjectSection
EndProject
Project("{8BC9CEB8-8B4A-11D0-8D11-00A0C91BC942}") = "ewfdebug", "ewfdebug\ewfdebug.vcproj", "{EEDECB53-5052-4431-A8D4-289701D5483C}"
	ProjectSection(ProjectDependencies) = postProject
		{B38F0C9F-F1E0-4CE2-9D8D-C68C56122B72} = {B38F0C9F-F1E0-4CE2-9D8D-C68C56122B72}
		{610F33E3-5FBB-4749-9C3F-6D4BC90BEA70} = {610F33E3-5FBB-4749-9C3F-6D4BC90BEA70}
		{94445D9A-BF51-4280-B577-69A0279E4873} = {94445D9A-BF51-4280-B577-69A0279E4873}
		{F8917954-3C5E-4791-A769-2EAC495108BA} = {F8917954-3C5E-4791-A769-2EAC495108BA}
		{EBDF4B5C-2DB4-41F8-8A4A-B9A4FFB5CC92} = {EBDF4B5C-2DB4-41F8-8A4A-B9A4FFB5CC92}
	EndProjectSection
EndProject
Project("{8BC9CEB8-8B4A-11D0-8D11-00A0C91BC942}") = "ewfexport", "ewfexport\ewfexport.vcproj", "{8578D675-38BC-423B-82B4-848ED17A3F6A}"
	ProjectSection(ProjectDependencies) = postProject
		{B906876C-E5E5-403D-834F-632836BDC036} = {B906876C-E5E5-403D-834F-632836BDC036}
		{53DD6B32-CAF2-4360-B6C1-3BE4A20535BD} = {53DD6B32-CAF2-4360-B6C1-3BE4A20535BD}
		{6D2B2F13-4A4C-4515-AA8C-181C7B0CDDD5} = {6D2B2F13-4A4C-4515-AA8C-181C7B0CDDD5}
		{2CA07FF7-1F1C-4165-A7EC-C5155F697166} = {2CA07FF7-1F1C-4165-A7EC-C5155F697166}
		{07322EB7-EEF0-4E98-9D88-CF200310CD32} = {07322EB7-EEF0-4E98-9D88-CF200310CD32}
		{69B09A29-8901-48A6-9524-23AA2B8A5E6E} = {69B09A29-8901-48A6-9524-23AA2B8A5E6E}
		{9013CBEB-5BC5-40F1-A74B-9BF6F117334E} = {9013CBEB-5BC5-40F1-A74B-9BF6F117334E}
		{B38F0C9F-F1E0-4CE2-9D8D-C68C56122B72} = {B38F0C9F-F1E0-4CE2-9D8D-C68C56122B72}
		{AEFF5B28-157B-4632-8B82-E67C2171BC96} = {AEFF5B28-157B-4632-8B82-E67C2171BC96}
		{7F95BCEE-926E-4B32-8077-1A739876B19D} = {7F95BCEE-926E-4B32-8077-1A739876B19D}
		{B444F82C-2C73-469F-A6D4-B097B5EA3ADE} = {B444F82C-2C73-469F-A6D4-B097B5EA3ADE}
		{610F33E3-5FBB-4749-9C3F-6D4BC90BEA70} = {610F33E3-5FBB-4749-9C3F-6D4BC90BEA70}
		{94445D9A-BF51-4280-B577-69A0279E4873} = {94445D9A-BF51-4280-B577-69A0279E4873}
		{F8917954-3C5E-4791-A769-2EAC495108BA} = {F8917954-3C5E-4791-A769-2EAC495108BA}
		{EBDF4B5C-2DB4-41F8-8A4A-B9A4FFB5CC92} = {EBDF4B5C-2DB4-41F8-8A4A-B9A4FFB5CC92}
	EndProjectSection
EndProject
Project("{8BC9CEB8-8B4A-11D0-8D11-00A0C91BC942}") = "ewfinfo", "ewfinfo\ewfinfo.vcproj", "{B56C4FFE-B106-46DC-9E29-4CC8B1FFB7BB}"
	ProjectSection(ProjectDependencies) = postProject
		{B38F0C9F-F1E0-4CE2-9D8D-C68C56122B72} = {B38F0C9F-F1E0-4CE2-9D8D-C68C56122B72}
		{AEFF5B28-157B-4632-8B82-E67C2171BC96} = {AEFF5B28-157B-4632-8B82-E67C2171BC96}
		{610F33E3-5FBB-4749-9C3F-6D4BC90BEA70} = {610F33E3-5FBB-4749-9C3F-6D4BC90BEA70}
		{94445D9A-BF51-4280-B577-69A0279E4873} = {94445D9A-BF51-4280-B577-69A0279E4873}
		{F8917954-3C5E-4791-A769-2EAC495108BA} = {F8917954-3C5E-4791-A769-2EAC495108BA}
		{EBDF4B5C-2DB4-41F8-8A4A-B9A4FFB5CC92} = {EBDF4B5C-2DB4-41F8-8A4A-B9A4FFB5CC92}
	EndProjectSection
EndProject
Project("{8BC9CEB8-8B4A-11D0-8D11-00A0C91BC942}") = "ewfmount", "ewfmount\ewfmount.vcproj", "{2291E484-B893-4F6E-A7B7-55CAF36A4687}"
	ProjectSection(ProjectDependencies) = postProject
		{69B09A29-8901-48A6-9524-23AA2B8A5E6E} = {69B09A29-8901-48A6-9524-23AA2B8A5E6E}
		{B38F0C9F-F1E0-4CE2-9D8D-C68C56122B72} = {B38F0C9F-F1E0-4CE2-9D8D-C68C56122B72}
		{AEFF5B28-157B-4632-8B82-E67C2171BC96} = {AEFF5B28-157B-4632-8B82-E67C2171BC96}
		{94445D9A-BF51-4280-B577-69A0279E4873} = {94445D9A-BF51-4280-B577-69A0279E4873}
		{F8917954-3C5E-4791-A769-2EAC495108BA} = {F8917954-3C5E-4791-A769-2EAC495108BA}
		{610F33E3-5FBB-4749-9C3F-6D4BC90BEA70} = {610F33E3-5FBB-4749-9C3F-6D4BC90BEA70}
		{7F48DE1B-9EE1-4D5F-96C3-58DFD6DB996E} = {7F48DE1B-9EE1-4D5F-96C3-58DFD6DB996E}
		{EBDF4B5C-2DB4-41F8-8A4A-B9A4FFB5CC92} = {EBDF4B5C-2DB4-41F8-8A4A-B9A4FFB5CC92}
	EndProjectSection
EndProject
Project("{8BC9CEB8-8B4A-11D0-8D11-00A0C91BC942}") = "ewfrecover", "ewfrecover\ewfrecover.vcproj", "{87353223-00FB-453F-8385-0166EA95D533}"
	ProjectSection(ProjectDependencies) = postProject
		{B906876C-E5E5-403D-834F-632836BDC036} = {B906876C-E5E5-403D-834F-632836BDC036}
		{53DD6B32-CAF2-4360-B6C1-3BE4A20535BD} = {53DD6B32-CAF2-4360-B6C1-3BE4A20535BD}
		{6D2B2F13-4A4C-4515-AA8C-181C7B0CDDD5} = {6D2B2F13-4A4C-4515-AA8C-181C7B0CDDD5}
		{2CA07FF7-1F1C-4165-A7EC-C5155F697166} = {2CA07FF7-1F1C-4165-A7EC-C5155F697166}
		{07322EB7-EEF0-4E98-9D88-CF200310CD32} = {07322EB7-EEF0-4E98-9D88-CF200310CD32}
		{69B09A29-8901-48A6-9524-23AA2B8A5E6E} = {69B09A29-8901-48A6-9524-23AA2B8A5E6E}
		{9013CBEB-5BC5-40F1-A74B-9BF6F117334E} = {9013CBEB-5BC5-40F1-A74B-9BF6F117334E}
		{B38F0C9F-F1E0-4CE2-9D8D-C68C56122B72} = {B38F0C9F-F1E0-4CE2-9D8D-C68C56122B72}
		{AEFF5B28-157B-4632-8B82-E67C2171BC96} = {AEFF5B28-157B-4632-8B82-E67C2171BC96}
		{7F95BCEE-926E-4B32-8077-1A739876B19D} = {7F95BCEE-926E-4B32-8077-1A739876B19D}
		{B444F82C-2C73-469F-A6D4-B097B5EA3ADE} = {B444F82C-2C73-469F-A6D4-B097B5EA3ADE}
		{610F33E3-5FBB-4749-9C3F-6D4BC90BEA70} = {610F33E3-5FBB-4749-9C3F-6D4BC90BEA70}
		{94445D9A-BF51-4280-B577-69A0279E4873} = {94445D9A-BF51-4280-B577-69A0279E4873}
		{F8917954-3C5E-4791-A769-2EAC495108BA} = {F8917954-3C5E-4791-A769-2EAC495108BA}
		{EBDF4B5C-2DB4-41F8-8A4A-B9A4FFB5CC92} = {EBDF4B5C-2DB4-41F8-8A4A-B9A4FFB5CC92}
	EndProjectSection
EndProject
Project("{8BC9CEB8-8B4A-11D0-8D11-00A0C91BC942}") = "ewfverify", "ewfverify\ewfverify.vcproj", "{B221A1F2-155B-450A-9929-EB0FBA906432}"
	ProjectSection(ProjectDependencies) = postProject
		{53DD6B32-CAF2-4360-B6C1-3BE4A20535BD} = {53DD6B32-CAF2-4360-B6C1-3BE4A20535BD}
		{69B09A29-8901-48A6-9524-23AA2B8A5E6E} = {69B09A29-8901-48A6-9524-23AA2B8A5E6E}
		{B38F0C9F-F1E0-4CE2-9D8D-C68C56122B72} = {B38F0C9F-F1E0-4CE2-9D8D-C68C56122B72}
		{AEFF5B28-157B-4632-8B82-E67C2171BC96} = {AEFF5B28-157B-4632-8B82-E67C2171BC96}
		{7F95BCEE-926E-4B32-8077-1A739876B19D} = {7F95BCEE-926E-4B32-8077-1A739876B19D}
		{610F33E3-5FBB-4749-9C3F-6D4BC90BEA70} = {610F33E3-5FBB-4749-9C3F-6D4BC90BEA70}
		{94445D9A-BF51-4280-B577-69A0279E4873} = {94445D9A-BF51-4280-B577-69A0279E4873}
		{F8917954-3C5E-4791-A769-2EAC495108BA} = {F8917954-3C5E-4791-A769-2EAC495108BA}
		{EBDF4B5C-2DB4-41F8-8A4A-B9A4FFB5CC92} = {EBDF4B5C-2DB4-41F8-8A4A-B9A4FFB5CC92}
	EndProjectSection
EndProject
Project("{8BC9CEB8-8B4A-11D0-8D11-00A0C91BC942}") = "libfdata", "libfdata\libfdata.vcproj", "{2CA07FF7-1F1C-4165-A7EC-C5155F697166}"
	ProjectSection(ProjectDependencies) = postProject
		{EBDF4B5C-2DB4-41F8-8A4A-B9A4FFB5CC92} = {EBDF4B5C-2DB4-41F8-8A4A-B9A4FFB5CC92}
		{7F48DE1B-9EE1-4D5F-96C3-58DFD6DB996E} = {7F48DE1B-9EE1-4D5F-96C3-58DFD6DB996E}
		{B444F82C-2C73-469F-A6D4-B097B5EA3ADE} = {B444F82C-2C73-469F-A6D4-B097B5EA3ADE}
		{94445D9A-BF51-4280-B577-69A0279E4873} = {94445D9A-BF51-4280-B577-69A0279E4873}
		{6F22A324-0330-4984-BA8A-7F87E5A2F5AE} = {6F22A324-0330-4984-BA8A-7F87E5A2F5AE}
	EndProjectSection
EndProject
Project("{8BC9CEB8-8B4A-11D0-8D11-00A0C91BC942}") = "libcdata", "libcdata\libcdata.vcproj", "{B444F82C-2C73-469F-A6D4-B097B5EA3ADE}"
	ProjectSection(ProjectDependencies) = postProject
		{EBDF4B5C-2DB4-41F8-8A4A-B9A4FFB5CC92} = {EBDF4B5C-2DB4-41F8-8A4A-B9A4FFB5CC92}
		{7F48DE1B-9EE1-4D5F-96C3-58DFD6DB996E} = {7F48DE1B-9EE1-4D5F-96C3-58DFD6DB996E}
	EndProjectSection
EndProject
Project("{8BC9CEB8-8B4A-11D0-8D11-00A0C91BC942}") = "libcsplit", "libcsplit\libcsplit.vcproj", "{AEFF5B28-157B-4632-8B82-E67C2171BC96}"
	ProjectSection(ProjectDependencies) = postProject
		{EBDF4B5C-2DB4-41F8-8A4A-B9A4FFB5CC92} = {EBDF4B5C-2DB4-41F8-8A4A-B9A4FFB5CC92}
	EndProjectSection
EndProject
Project("{8BC9CEB8-8B4A-11D0-8D11-00A0C91BC942}") = "zlib", "zlib\zlib.vcproj", "{8E47AE5E-89B0-4984-B6C2-CF5B0C6DD05E}"
EndProject
Global
	GlobalSection(SolutionConfigurationPlatforms) = preSolution
		Release|Win32 = Release|Win32
		VSDebug|Win32 = VSDebug|Win32
	EndGlobalSection
	GlobalSection(ProjectConfigurationPlatforms) = postSolution
		{21BAC443-67A7-426B-891B-050C8F2C54CE}.Release|Win32.ActiveCfg = Release|Win32
		{21BAC443-67A7-426B-891B-050C8F2C54CE}.Release|Win32.Build.0 = Release|Win32
		{21BAC443-67A7-426B-891B-050C8F2C54CE}.VSDebug|Win32.ActiveCfg = VSDebug|Win32
		{21BAC443-67A7-426B-891B-050C8F2C54CE}.VSDebug|Win32.Build.0 = VSDebug|Win32
		{6F22A324-0330-4984-BA8A-7F87E5A2F5AE}.Release|Win32.ActiveCfg = Release|Win32
		{6F22A324-0330-4984-BA8A-7F87E5A2F5AE}.Release|Win32.Build.0 = Release|Win32
		{6F22A324-0330-4984-BA8A-7F87E5A2F5AE}.VSDebug|Win32.ActiveCfg = VSDebug|Win32
		{6F22A324-0330-4984-BA8A-7F87E5A2F5AE}.VSDebug|Win32.Build.0 = VSDebug|Win32
		{6BB1CCE5-4FF5-4306-B3EB-1A3818FC3AC7}.Release|Win32.ActiveCfg = Release|Win32
		{6BB1CCE5-4FF5-4306-B3EB-1A3818FC3AC7}.Release|Win32.Build.0 = Release|Win32
		{6BB1CCE5-4FF5-4306-B3EB-1A3818FC3AC7}.VSDebug|Win32.ActiveCfg = VSDebug|Win32
		{6BB1CCE5-4FF5-4306-B3EB-1A3818FC3AC7}.VSDebug|Win32.Build.0 = VSDebug|Win32
		{78A3701B-F395-4C5C-BDA9-B66A6E637B6F}.Release|Win32.ActiveCfg = Release|Win32
		{78A3701B-F395-4C5C-BDA9-B66A6E637B6F}.Release|Win32.Build.0 = Release|Win32
		{78A3701B-F395-4C5C-BDA9-B66A6E637B6F}.VSDebug|Win32.ActiveCfg = VSDebug|Win32
		{78A3701B-F395-4C5C-BDA9-B66A6E637B6F}.VSDebug|Win32.Build.0 = VSDebug|Win32
		{B906876C-E5E5-403D-834F-632836BDC036}.Release|Win32.ActiveCfg = Release|Win32
		{B906876C-E5E5-403D-834F-632836BDC036}.Release|Win32.Build.0 = Release|Win32
		{B906876C-E5E5-403D-834F-632836BDC036}.VSDebug|Win32.ActiveCfg = VSDebug|Win32
		{B906876C-E5E5-403D-834F-632836BDC036}.VSDebug|Win32.Build.0 = VSDebug|Win32
		{F5626B70-BEF5-49E2-93F1-63FDD47DF71B}.Release|Win32.ActiveCfg = Release|Win32
		{F5626B70-BEF5-49E2-93F1-63FDD47DF71B}.Release|Win32.Build.0 = Release|Win32
		{F5626B70-BEF5-49E2-93F1-63FDD47DF71B}.VSDebug|Win32.ActiveCfg = VSDebug|Win32
		{F5626B70-BEF5-49E2-93F1-63FDD47DF71B}.VSDebug|Win32.Build.0 = VSDebug|Win32
		{549C65DC-F3CB-47F0-886F-E6FBB3350336}.Release|Win32.ActiveCfg = Release|Win32
		{549C65DC-F3CB-47F0-886F-E6FBB3350336}.Release|Win32.Build.0 = Release|Win32
		{549C65DC-F3CB-47F0-886F-E6FBB3350336}.VSDebug|Win32.ActiveCfg = VSDebug|Win32
		{549C65DC-F3CB-47F0-886F-E6FBB3350336}.VSDebug|Win32.Build.0 = VSDebug|Win32
		{B52636B5-F250-4D5C-AF88-6DDB86709003}.Release|Win32.ActiveCfg = Release|Win32
		{B52636B5-F250-4D5C-AF88-6DDB86709003}.Release|Win32.Build.0 = Release|Win32
		{B52636B5-F250-4D5C-AF88-6DDB86709003}.VSDebug|Win32.ActiveCfg = VSDebug|Win32
		{B52636B5-F250-4D5C-AF88-6DDB86709003}.VSDebug|Win32.Build.0 = VSDebug|Win32
		{1EE75940-BA8E-499A-B16C-197C17C851CD}.Release|Win32.ActiveCfg = Release|Win32
		{1EE75940-BA8E-499A-B16C-197C17C851CD}.Release|Win32.Build.0 = Release|Win32
		{1EE75940-BA8E-499A-B16C-197C17C851CD}.VSDebug|Win32.ActiveCfg = VSDebug|Win32
		{1EE75940-BA8E-499A-B16C-197C17C851CD}.VSDebug|Win32.Build.0 = VSDebug|Win32
		{CFAC2A6A-4020-439D-A8F5-99185C43691C}.Release|Win32.ActiveCfg = Release|Win32
		{CFAC2A6A-4020-439D-A8F5-99185C43691C}.Release|Win32.Build.0 = Release|Win32
		{CFAC2A6A-4020-439D-A8F5-99185C43691C}.VSDebug|Win32.ActiveCfg = VSDebug|Win32
		{CFAC2A6A-4020-439D-A8F5-99185C43691C}.VSDebug|Win32.Build.0 = VSDebug|Win32
		{04585228-967E-4D0F-A290-D01EFBF6F88F}.Release|Win32.ActiveCfg = Release|Win32
		{04585228-967E-4D0F-A290-D01EFBF6F88F}.Release|Win32.Build.0 = Release|Win32
		{04585228-967E-4D0F-A290-D01EFBF6F88F}.VSDebug|Win32.ActiveCfg = VSDebug|Win32
		{04585228-967E-4D0F-A290-D01EFBF6F88F}.VSDebug|Win32.Build.0 = VSDebug|Win32
		{70CC5794-EB91-468A-B608-0940B72E4582}.Release|Win32.ActiveCfg = Release|Win32
		{70CC5794-EB91-468A-B608-0940B72E4582}.Release|Win32.Build.0 = Release|Win32
		{70CC5794-EB91-468A-B608-0940B72E4582}.VSDebug|Win32.ActiveCfg = VSDebug|Win32
		{70CC5794-EB91-468A-B608-0940B72E4582}.VSDebug|Win32.Build.0 = VSDebug|Win32
		{0AAB2AB4-3720-429C-BC09-474C0667AA6F}.Release|Win32.ActiveCfg = Release|Win32
		{0AAB2AB4-3720-429C-BC09-474C0667AA6F}.Release|Win32.Build.0 = Release|Win32
		{0AAB2AB4-3720-429C-BC09-474C0667AA6F}.VSDebug|Win32.ActiveCfg = VSDebug|Win32
		{0AAB2AB4-3720-429C-BC09-474C0667AA6F}.VSDebug|Win32.Build.0 = VSDebug|Win32
		{23895087-0ED8-48B9-8FD9-8841057B435A}.Release|Win32.ActiveCfg = Release|Win32
		{23895087-0ED8-48B9-8FD9-8841057B435A}.Release|Win32.Build.0 = Release|Win32
		{23895087-0ED8-48B9-8FD9-8841057B435A}.VSDebug|Win32.ActiveCfg = VSDebug|Win32
		{23895087-0ED8-48B9-8FD9-8841057B435A}.VSDebug|Win32.Build.0 = VSDebug|Win32
		{675A463A-A161-4349-9ABD-EA6048517CF6}.Release|Win32.ActiveCfg = Release|Win32
		{675A463A-A161-4349-9ABD-EA6048517CF6}.Release|Win32.Build.0 = Release|Win32
		{675A463A-A161-4349-9ABD-EA6048517CF6}.VSDebug|Win32.ActiveCfg = VSDebug|Win32
		{675A463A-A161-4349-9ABD-EA6048517CF6}.VSDebug|Win32.Build.0 = VSDebug|Win32
		{9CCE6430-B88D-4FCE-8F90-532A4BB89935}.Release|Win32.ActiveCfg = Release|Win32
		{9CCE6430-B88D-4FCE-8F90-532A4BB89935}.Release|Win32.Build.0 = Release|Win32
		{9CCE6430-B88D-4FCE-8F90-532A4BB89935}.VSDebug|Win32.ActiveCfg = VSDebug|Win32
		{9CCE6430-B88D-4FCE-8F90-532A4BB89935}.VSDebug|Win32.Build.0 = VSDebug|Win32
		{3F4557A3-9155-418D-BD0F-0DF116A303C7}.Release|Win32.ActiveCfg = Release|Win32
		{3F4557A3-9155-418D-BD0F-0DF116A303C7}.Release|Win32.Build.0 = Release|Win32
		{3F4557A3-9155-418D-BD0F-0DF116A303C7}.VSDebug|Win32.ActiveCfg = VSDebug|Win32
		{3F4557A3-9155-418D-BD0F-0DF116A303C7}.VSDebug|Win32.Build.0 = VSDebug|Win32
		{141FB81E-6521-459D-82E0-3F242FAF7D7D}.Release|Win32.ActiveCfg = Release|Win32
		{141FB81E-6521-459D-82E0-3F242FAF7D7D}.Release|Win32.Build.0 = Release|Win32
		{141FB81E-6521-459D-82E0-3F242FAF7D7D}.VSDebug|Win32.ActiveCfg = VSDebug|Win32
		{141FB81E-6521-459D-82E0-3F242FAF7D7D}.VSDebug|Win32.Build.0 = VSDebug|Win32
		{2015C4AD-83AC-4F73-B9A1-C62CFA57931F}.Release|Win32.ActiveCfg = Release|Win32
		{2015C4AD-83AC-4F73-B9A1-C62CFA57931F}.Release|Win32.Build.0 = Release|Win32
		{2015C4AD-83AC-4F73-B9A1-C62CFA57931F}.VSDebug|Win32.ActiveCfg = VSDebug|Win32
		{2015C4AD-83AC-4F73-B9A1-C62CFA57931F}.VSDebug|Win32.Build.0 = VSDebug|Win32
		{C7B85BB8-987E-4087-B1A3-132D680483FC}.Release|Win32.ActiveCfg = Release|Win32
		{C7B85BB8-987E-4087-B1A3-132D680483FC}.Release|Win32.Build.0 = Release|Win32
		{C7B85BB8-987E-4087-B1A3-132D680483FC}.VSDebug|Win32.ActiveCfg = VSDebug|Win32
		{C7B85BB8-987E-4087-B1A3-132D680483FC}.VSDebug|Win32.Build.0 = VSDebug|Win32
		{BD915C3B-AE9C-4779-856F-0EA8349AF047}.Release|Win32.ActiveCfg = Release|Win32
		{BD915C3B-AE9C-4779-856F-0EA8349AF047}.Release|Win32.Build.0 = Release|Win32
		{BD915C3B-AE9C-4779-856F-0EA8349AF047}.VSDebug|Win32.ActiveCfg = VSDebug|Win32
		{BD915C3B-AE9C-4779-856F-0EA8349AF047}.VSDebug|Win32.Build.0 = VSDebug|Win32
		{537A09D5-3B9D-4C7D-845C-329A306DD46A}.Release|Win32.ActiveCfg = Release|Win32
		{537A09D5-3B9D-4C7D-845C-329A306DD46A}.Release|Win32.Build.0 = Release|Win32
		{537A09D5-3B9D-4C7D-845C-329A306DD46A}.VSDebug|Win32.ActiveCfg = VSDebug|Win32
		{537A09D5-3B9D-4C7D-845C-329A306DD46A}.VSDebug|Win32.Build.0 = VSDebug|Win32
		{38A6821C-4E81-4D0E-BAC8-0C3A4214AC89}.Release|Win32.ActiveCfg = Release|Win32
		{38A6821C-4E81-4D0E-BAC8-0C3A4214AC89}.Release|Win32.Build.0 = Release|Win32
		{38A6821C-4E81-4D0E-BAC8-0C3A4214AC89}.VSDebug|Win32.ActiveCfg = VSDebug|Win32
		{38A6821C-4E81-4D0E-BAC8-0C3A4214AC89}.VSDebug|Win32.Build.0 = VSDebug|Win32
		{257A065A-FDA2-49D4-964C-BAF641FA6DD4}.Release|Win32.ActiveCfg = Release|Win32
		{257A065A-FDA2-49D4-964C-BAF641FA6DD4}.Release|Win32.Build.0 = Release|Win32
		{257A065A-FDA2-49D4-964C-BAF641FA6DD4}.VSDebug|Win32.ActiveCfg = VSDebug|Win32
		{257A065A-FDA2-49D4-964C-BAF641FA6DD4}.VSDebug|Win32.Build.0 = VSDebug|Win32
		{0ECC7A21-E8D6-4FBA-9BB1-7D615AE29A42}.Release|Win32.ActiveCfg = Release|Win32
		{0ECC7A21-E8D6-4FBA-9BB1-7D615AE29A42}.Release|Win32.Build.0 = Release|Win32
		{0ECC7A21-E8D6-4FBA-9BB1-7D615AE29A42}.VSDebug|Win32.ActiveCfg = VSDebug|Win32
		{0ECC7A21-E8D6-4FBA-9BB1-7D615AE29A42}.VSDebug|Win32.Build.0 = VSDebug|Win32
		{298FAA87-9F70-4B2A-ABF1-07D91AB677B6}.Release|Win32.ActiveCfg = Release|Win32
		{298FAA87-9F70-4B2A-ABF1-07D91AB677B6}.Release|Win32.Build.0 = Release|Win32
		{298FAA87-9F70-4B2A-ABF1-07D91AB677B6}.VSDebug|Win32.ActiveCfg = VSDebug|Win32
		{298FAA87-9F70-4B2A-ABF1-07D91AB677B6}.VSDebug|Win32.Build.0 = VSDebug|Win32
		{82454223-CBF2-44DE-8BE0-307B020107A6}.Release|Win32.ActiveCfg = Release|Win32
		{82454223-CBF2-44DE-8BE0-307B020107A6}.Release|Win32.Build.0 = Release|Win32
		{82454223-CBF2-44DE-8BE0-307B020107A6}.VSDebug|Win32.ActiveCfg = VSDebug|Win32
		{82454223-CBF2-44DE-8BE0-307B020107A6}.VSDebug|Win32.Build.0 = VSDebug|Win32
		{6FE5F823-F17B-468E-B04C-BEAD1DC38BC3}.Release|Win32.ActiveCfg = Release|Win32
		{6FE5F823-F17B-468E-B04C-BEAD1DC38BC3}.Release|Win32.Build.0 = Release|Win32
		{6FE5F823-F17B-468E-B04C-BEAD1DC38BC3}.VSDebug|Win32.ActiveCfg = VSDebug|Win32
		{6FE5F823-F17B-468E-B04C-BEAD1DC38BC3}.VSDebug|Win32.Build.0 = VSDebug|Win32
		{830695C8-09B5-4A38-BC6D-5936FFE941F6}.Release|Win32.ActiveCfg = Release|Win32
		{830695C8-09B5-4A38-BC6D-5936FFE941F6}.Release|Win32.Build.0 = Release|Win32
		{830695C8-09B5-4A38-BC6D-5936FFE941F6}.VSDebug|Win32.ActiveCfg = VSDebug|Win32
		{830695C8-09B5-4A38-BC6D-5936FFE941F6}.VSDebug|Win32.Build.0 = VSDebug|Win32
		{C26F5452-A230-4F69-9023-8452745D9280}.Release|Win32.ActiveCfg = Release|Win32
		{C26F5452-A230-4F69-9023-8452745D9280}.Release|Win32.Build.0 = Release|Win32
		{C26F5452-A230-4F69-9023-8452745D9280}.VSDebug|Win32.ActiveCfg = VSDebug|Win32
		{C26F5452-A230-4F69-9023-8452745D9280}.VSDebug|Win32.Build.0 = VSDebug|Win32
		{92D9F857-62B6-4040-B916-B7428253DB54}.Release|Win32.ActiveCfg = Release|Win32
		{92D9F857-62B6-4040-B916-B7428253DB54}.Release|Win32.Build.0 = Release|Win32
		{92D9F857-62B6-4040-B916-B7428253DB54}.VSDebug|Win32.ActiveCfg = VSDebug|Win32
		{92D9F857-62B6-4040-B916-B7428253DB54}.VSDebug|Win32.Build.0 = VSDebug|Win32
		{6279E3BF-F477-4305-9380-A577243CEC0D}.Release|Win32.ActiveCfg = Release|Win32
		{6279E3BF-F477-4305-9380-A577243CEC0D}.Release|Win32.Build.0 = Release|Win32
		{6279E3BF-F477-4305-9380-A577243CEC0D}.VSDebug|Win32.ActiveCfg = VSDebug|Win32
		{6279E3BF-F477-4305-9380-A577243CEC0D}.VSDebug|Win32.Build.0 = VSDebug|Win32
		{7ACE2E3A-17CB-4970-B215-FC723B2E60DE}.Release|Win32.ActiveCfg = Release|Win32
		{7ACE2E3A-17CB-4970-B215-FC723B2E60DE}.Release|Win32.Build.0 = Release|Win32
		{7ACE2E3A-17CB-4970-B215-FC723B2E60DE}.VSDebug|Win32.ActiveCfg = VSDebug|Win32
		{7ACE2E3A-17CB-4970-B215-FC723B2E60DE}.VSDebug|Win32.Build.0 = VSDebug|Win32
		{261BF89F-4760-4473-828D-5F6EDCB80459}.Release|Win32.ActiveCfg = Release|Win32
		{261BF89F-4760-4473-828D-5F6EDCB80459}.Release|Win32.Build.0 = Release|Win32
		{261BF89F-4760-4473-828D-5F6EDCB80459}.VSDebug|Win32.ActiveCfg = VSDebug|Win32
		{261BF89F-4760-4473-828D-5F6EDCB80459}.VSDebug|Win32.Build.0 = VSDebug|Win32
		{5F3A8BCC-9792-4B26-87D8-0E1179575D24}.Release|Win32.ActiveCfg = Release|Win32
		{5F3A8BCC-9792-4B26-87D8-0E1179575D24}.Release|Win32.Build.0 = Release|Win32
		{5F3A8BCC-9792-4B26-87D8-0E1179575D24}.VSDebug|Win32.ActiveCfg = VSDebug|Win32
		{5F3A8BCC-9792-4B26-87D8-0E1179575D24}.VSDebug|Win32.Build.0 = VSDebug|Win32
		{61933AF7-648A-4B34-BAED-FCC4F263023F}.Release|Win32.ActiveCfg = Release|Win32
		{61933AF7-648A-4B34-BAED-FCC4F263023F}.Release|Win32.Build.0 = Release|Win32
		{61933AF7-648A-4B34-BAED-FCC4F263023F}.VSDebug|Win32.ActiveCfg = VSDebug|Win32
		{61933AF7-648A-4B34-BAED-FCC4F263023F}.VSDebug|Win32.Build.0 = VSDebug|Win32
		{F8917954-3C5E-4791-A769-2EAC495108BA}.Release|Win32.ActiveCfg = Release|Win32
		{F8917954-3C5E-4791-A769-2EAC495108BA}.Release|Win32.Build.0 = Release|Win32
		{F8917954-3C5E-4791-A769-2EAC495108BA}.VSDebug|Win32.ActiveCfg = VSDebug|Win32
		{F8917954-3C5E-4791-A769-2EAC495108BA}.VSDebug|Win32.Build.0 = VSDebug|Win32
		{054977C3-9164-43AF-A112-DD5C502F597F}.Release|Win32.ActiveCfg = Release|Win32
		{054977C3-9164-43AF-A112-DD5C502F597F}.Release|Win32.Build.0 = Release|Win32
		{054977C3-9164-43AF-A112-DD5C502F597F}.VSDebug|Win32.ActiveCfg = VSDebug|Win32
		{054977C3-9164-43AF-A112-DD5C502F597F}.VSDebug|Win32.Build.0 = VSDebug|Win32
		{07322EB7-EEF0-4E98-9D88-CF200310CD32}.Release|Win32.ActiveCfg = Release|Win32
		{07322EB7-EEF0-4E98-9D88-CF200310CD32}.Release|Win32.Build.0 = Release|Win32
		{07322EB7-EEF0-4E98-9D88-CF200310CD32}.VSDebug|Win32.ActiveCfg = VSDebug|Win32
		{07322EB7-EEF0-4E98-9D88-CF200310CD32}.VSDebug|Win32.Build.0 = VSDebug|Win32
		{610F33E3-5FBB-4749-9C3F-6D4BC90BEA70}.Release|Win32.ActiveCfg = Release|Win32
		{610F33E3-5FBB-4749-9C3F-6D4BC90BEA70}.Release|Win32.Build.0 = Release|Win32
		{610F33E3-5FBB-4749-9C3F-6D4BC90BEA70}.VSDebug|Win32.ActiveCfg = VSDebug|Win32
		{610F33E3-5FBB-4749-9C3F-6D4BC90BEA70}.VSDebug|Win32.Build.0 = VSDebug|Win32
		{7F95BCEE-926E-4B32-8077-1A739876B19D}.Release|Win32.ActiveCfg = Release|Win32
		{7F95BCEE-926E-4B32-8077-1A739876B19D}.Release|Win32.Build.0 = Release|Win32
		{7F95BCEE-926E-4B32-8077-1A739876B19D}.VSDebug|Win32.ActiveCfg = VSDebug|Win32
		{7F95BCEE-926E-4B32-8077-1A739876B19D}.VSDebug|Win32.Build.0 = VSDebug|Win32
		{F2BC50AC-F7F7-4518-AE16-63E3E0A1174D}.Release|Win32.ActiveCfg = Release|Win32
		{F2BC50AC-F7F7-4518-AE16-63E3E0A1174D}.Release|Win32.Build.0 = Release|Win32
		{F2BC50AC-F7F7-4518-AE16-63E3E0A1174D}.VSDebug|Win32.ActiveCfg = VSDebug|Win32
		{F2BC50AC-F7F7-4518-AE16-63E3E0A1174D}.VSDebug|Win32.Build.0 = VSDebug|Win32
		{9013CBEB-5BC5-40F1-A74B-9BF6F117334E}.Release|Win32.ActiveCfg = Release|Win32
		{9013CBEB-5BC5-40F1-A74B-9BF6F117334E}.Release|Win32.Build.0 = Release|Win32
		{9013CBEB-5BC5-40F1-A74B-9BF6F117334E}.VSDebug|Win32.ActiveCfg = VSDebug|Win32
		{9013CBEB-5BC5-40F1-A74B-9BF6F117334E}.VSDebug|Win32.Build.0 = VSDebug|Win32
		{7F48DE1B-9EE1-4D5F-96C3-58DFD6DB996E}.Release|Win32.ActiveCfg = Release|Win32
		{7F48DE1B-9EE1-4D5F-96C3-58DFD6DB996E}.Release|Win32.Build.0 = Release|Win32
		{7F48DE1B-9EE1-4D5F-96C3-58DFD6DB996E}.VSDebug|Win32.ActiveCfg = VSDebug|Win32
		{7F48DE1B-9EE1-4D5F-96C3-58DFD6DB996E}.VSDebug|Win32.Build.0 = VSDebug|Win32
		{69B09A29-8901-48A6-9524-23AA2B8A5E6E}.Release|Win32.ActiveCfg = Release|Win32
		{69B09A29-8901-48A6-9524-23AA2B8A5E6E}.Release|Win32.Build.0 = Release|Win32
		{69B09A29-8901-48A6-9524-23AA2B8A5E6E}.VSDebug|Win32.ActiveCfg = VSDebug|Win32
		{69B09A29-8901-48A6-9524-23AA2B8A5E6E}.VSDebug|Win32.Build.0 = VSDebug|Win32
		{53DD6B32-CAF2-4360-B6C1-3BE4A20535BD}.Release|Win32.ActiveCfg = Release|Win32
		{53DD6B32-CAF2-4360-B6C1-3BE4A20535BD}.Release|Win32.Build.0 = Release|Win32
		{53DD6B32-CAF2-4360-B6C1-3BE4A20535BD}.VSDebug|Win32.ActiveCfg = VSDebug|Win32
		{53DD6B32-CAF2-4360-B6C1-3BE4A20535BD}.VSDebug|Win32.Build.0 = VSDebug|Win32
		{B38F0C9F-F1E0-4CE2-9D8D-C68C56122B72}.Release|Win32.ActiveCfg = Release|Win32
		{B38F0C9F-F1E0-4CE2-9D8D-C68C56122B72}.Release|Win32.Build.0 = Release|Win32
		{B38F0C9F-F1E0-4CE2-9D8D-C68C56122B72}.VSDebug|Win32.ActiveCfg = VSDebug|Win32
		{B38F0C9F-F1E0-4CE2-9D8D-C68C56122B72}.VSDebug|Win32.Build.0 = VSDebug|Win32
		{6D2B2F13-4A4C-4515-AA8C-181C7B0CDDD5}.Release|Win32.ActiveCfg = Release|Win32
		{6D2B2F13-4A4C-4515-AA8C-181C7B0CDDD5}.Release|Win32.Build.0 = Release|Win32
		{6D2B2F13-4A4C-4515-AA8C-181C7B0CDDD5}.VSDebug|Win32.ActiveCfg = VSDebug|Win32
		{6D2B2F13-4A4C-4515-AA8C-181C7B0CDDD5}.VSDebug|Win32.Build.0 = VSDebug|Win32
		{EBDF4B5C-2DB4-41F8-8A4A-B9A4FFB5CC92}.Release|Win32.ActiveCfg = Release|Win32
		{EBDF4B5C-2DB4-41F8-8A4A-B9A4FFB5CC92}.Release|Win32.Build.0 = Release|Win32
		{EBDF4B5C-2DB4-41F8-8A4A-B9A4FFB5CC92}.VSDebug|Win32.ActiveCfg = VSDebug|Win32
		{EBDF4B5C-2DB4-41F8-8A4A-B9A4FFB5CC92}.VSDebug|Win32.Build.0 = VSDebug|Win32
		{94445D9A-BF51-4280-B577-69A0279E4873}.Release|Win32.ActiveCfg = Release|Win32
		{94445D9A-BF51-4280-B577-69A0279E4873}.Release|Win32.Build.0 = Release|Win32
		{94445D9A-BF51-4280-B577-69A0279E4873}.VSDebug|Win32.ActiveCfg = VSDebug|Win32
		{94445D9A-BF51-4280-B577-69A0279E4873}.VSDebug|Win32.Build.0 = VSDebug|Win32
		{F1034D34-7C7E-467B-9853-2F287A365874}.Release|Win32.ActiveCfg = Release|Win32
		{F1034D34-7C7E-467B-9853-2F287A365874}.Release|Win32.Build.0 = Release|Win32
		{F1034D34-7C7E-467B-9853-2F287A365874}.VSDebug|Win32.ActiveCfg = VSDebug|Win32
		{F1034D34-7C7E-467B-9853-2F287A365874}.VSDebug|Win32.Build.0 = VSDebug|Win32
		{C1C4F39C-2972-4FF7-BD41-8CCAF855E820}.Release|Win32.ActiveCfg = Release|Win32
		{C1C4F39C-2972-4FF7-BD41-8CCAF855E820}.Release|Win32.Build.0 = Release|Win32
		{C1C4F39C-2972-4FF7-BD41-8CCAF855E820}.VSDebug|Win32.ActiveCfg = VSDebug|Win32
		{C1C4F39C-2972-4FF7-BD41-8CCAF855E820}.VSDebug|Win32.Build.0 = VSDebug|Win32
		{EEDECB53-5052-4431-A8D4-289701D5483C}.Release|Win32.ActiveCfg = Release|Win32
		{EEDECB53-5052-4431-A8D4-289701D5483C}.Release|Win32.Build.0 = Release|Win32
		{EEDECB53-5052-4431-A8D4-289701D5483C}.VSDebug|Win32.ActiveCfg = VSDebug|Win32
		{EEDECB53-5052-4431-A8D4-289701D5483C}.VSDebug|Win32.Build.0 = VSDebug|Win32
		{8578D675-38BC-423B-82B4-848ED17A3F6A}.Release|Win32.ActiveCfg = Release|Win32
		{8578D675-38BC-423B-82B4-848ED17A3F6A}.Release|Win32.Build.0 = Release|Win32
		{8578D675-38BC-423B-82B4-848ED17A3F6A}.VSDebug|Win32.ActiveCfg = VSDebug|Win32
		{8578D675-38BC-423B-82B4-848ED17A3F6A}.VSDebug|Win32.Build.0 = VSDebug|Win32
		{B56C4FFE-B106-46DC-9E29-4CC8B1FFB7BB}.Release|Win32.ActiveCfg = Release|Win32
		{B56C4FFE-B106-46DC-9E29-4CC8B1FFB7BB}.Release|Win32.Build.0 = Release|Win32
		{B56C4FFE-B106-46DC-9E29-4CC8B1FFB7BB}.VSDebug|Win32.ActiveCfg = VSDebug|Win32
		{B56C4FFE-B106-46DC-9E29-4CC8B1FFB7BB}.VSDebug|Win32.Build.0 = VSDebug|Win32
		{2291E484-B893-4F6E-A7B7-55CAF36A4687}.Release|Win32.ActiveCfg = Release|Win32
		{2291E484-B893-4F6E-A7B7-55CAF36A4687}.Release|Win32.Build.0 = Release|Win32
		{2291E484-B893-4F6E-A7B7-55CAF36A4687}.VSDebug|Win32.ActiveCfg = VSDebug|Win32
		{2291E484-B893-4F6E-A7B7-55CAF36A4687}.VSDebug|Win32.Build.0 = VSDebug|Win32
		{87353223-00FB-453F-8385-0166EA95D533}.Release|Win32.ActiveCfg = Release|Win32
		{87353223-00FB-453F-8385-0166EA95D533}.Release|Win32.Build.0 = Release|Win32
		{87353223-00FB-453F-8385-0166EA95D533}.VSDebug|Win32.ActiveCfg = VSDebug|Win32
		{87353223-00FB-453F-8385-0166EA95D533}.VSDebug|Win32.Build.0 = VSDebug|Win32
		{B221A1F2-155B-450A-9929-EB0FBA906432}.Release|Win32.ActiveCfg = Release|Win32
		{B221A1F2-155B-450A-9929-EB0FBA906432}.Release|Win32.Build.0 = Release|Win32
		{B221A1F2-155B-450A-9929-EB0FBA906432}.VSDebug|Win32.ActiveCfg = VSDebug|Win32
		{B221A1F2-155B-450A-9929-EB0FBA906432}.VSDebug|Win32.Build.0 = VSDebug|Win32
		{2CA07FF7-1F1C-4165-A7EC-C5155F697166}.Release|Win32.ActiveCfg = Release|Win32
		{2CA07FF7-1F1C-4165-A7EC-C5155F697166}.Release|Win32.Build.0 = Release|Win32
		{2CA07FF7-1F1C-4165-A7EC-C5155F697166}.VSDebug|Win32.ActiveCfg = VSDebug|Win32
		{2CA07FF7-1F1C-4165-A7EC-C5155F697166}.VSDebug|Win32.Build.0 = VSDebug|Win32
		{B444F82C-2C73-469F-A6D4-B097B5EA3ADE}.Release|Win32.ActiveCfg = Release|Win32
		{B444F82C-2C73-469F-A6D4-B097B5EA3ADE}.Release|Win32.Build.0 = Release|Win32
		{B444F82C-2C73-469F-A6D4-B097B5EA3ADE}.VSDebug|Win32.ActiveCfg = VSDebug|Win32
		{B444F82C-2C73-469F-A6D4-B097B5EA3ADE}.VSDebug|Win32.Build.0 = VSDebug|Win32
		{AEFF5B28-157B-4632-8B82-E67C2171BC96}.Release|Win32.ActiveCfg = Release|Win32
		{AEFF5B28-157B-4632-8B82-E67C2171BC96}.Release|Win32.Build.0 = Release|Win32
		{AEFF5B28-157B-4632-8B82-E67C2171BC96}.VSDebug|Win32.ActiveCfg = VSDebug|Win32
		{AEFF5B28-157B-4632-8B82-E67C2171BC96}.VSDebug|Win32.Build.0 = VSDebug|Win32
		{8E47AE5E-89B0-4984-B6C2-CF5B0C6DD05E}.Release|Win32.ActiveCfg = Release|Win32
		{8E47AE5E-89B0-4984-B6C2-CF5B0C6DD05E}.Release|Win32.Build.0 = Release|Win32
		{8E47AE5E-89B0-4984-B6C2-CF5B0C6DD05E}.VSDebug|Win32.ActiveCfg = VSDebug|Win32
		{8E47AE5E-89B0-4984-B6C2-CF5B0C6DD05E}.VSDebug|Win32.Build.0 = VSDebug|Win32
	EndGlobalSection
	GlobalSection(SolutionProperties) = preSolution
		HideSolutionNode = FALSE
	EndGlobalSection
EndGlobal
